
Microsoft Visual Studio Solution File, Format Version 12.00
# Visual Studio Version 16
VisualStudioVersion = 16.0.30907.101
MinimumVisualStudioVersion = 10.0.40219.1
Project("{FAE04EC0-301F-11D3-BF4B-00C04F79EFBC}") = "Identificacao.Dominio", "Identificacao.Dominio\Identificacao.Dominio.csproj", "{73970289-9DD5-49DE-8006-3C7975CF659C}"
EndProject
Project("{FAE04EC0-301F-11D3-BF4B-00C04F79EFBC}") = "Identificacao.Infra", "Identificacao.Infra\Identificacao.Infra.csproj", "{3AE6DFB3-F2B8-4BD4-B5C7-886A5C317411}"
EndProject
Project("{FAE04EC0-301F-11D3-BF4B-00C04F79EFBC}") = "Identificacao.Api", "Identificacao.Api\Identificacao.Api.csproj", "{28544B26-EF45-4C0F-BE7F-59B98C873A2E}"
EndProject
Global
	GlobalSection(SolutionConfigurationPlatforms) = preSolution
		Debug|Any CPU = Debug|Any CPU
		Release|Any CPU = Release|Any CPU
	EndGlobalSection
	GlobalSection(ProjectConfigurationPlatforms) = postSolution
		{73970289-9DD5-49DE-8006-3C7975CF659C}.Debug|Any CPU.ActiveCfg = Debug|Any CPU
		{73970289-9DD5-49DE-8006-3C7975CF659C}.Debug|Any CPU.Build.0 = Debug|Any CPU
		{73970289-9DD5-49DE-8006-3C7975CF659C}.Release|Any CPU.ActiveCfg = Release|Any CPU
		{73970289-9DD5-49DE-8006-3C7975CF659C}.Release|Any CPU.Build.0 = Release|Any CPU
		{3AE6DFB3-F2B8-4BD4-B5C7-886A5C317411}.Debug|Any CPU.ActiveCfg = Debug|Any CPU
		{3AE6DFB3-F2B8-4BD4-B5C7-886A5C317411}.Debug|Any CPU.Build.0 = Debug|Any CPU
		{3AE6DFB3-F2B8-4BD4-B5C7-886A5C317411}.Release|Any CPU.ActiveCfg = Release|Any CPU
		{3AE6DFB3-F2B8-4BD4-B5C7-886A5C317411}.Release|Any CPU.Build.0 = Release|Any CPU
		{28544B26-EF45-4C0F-BE7F-59B98C873A2E}.Debug|Any CPU.ActiveCfg = Debug|Any CPU
		{28544B26-EF45-4C0F-BE7F-59B98C873A2E}.Debug|Any CPU.Build.0 = Debug|Any CPU
		{28544B26-EF45-4C0F-BE7F-59B98C873A2E}.Release|Any CPU.ActiveCfg = Release|Any CPU
		{28544B26-EF45-4C0F-BE7F-59B98C873A2E}.Release|Any CPU.Build.0 = Release|Any CPU
	EndGlobalSection
	GlobalSection(SolutionProperties) = preSolution
		HideSolutionNode = FALSE
	EndGlobalSection
	GlobalSection(ExtensibilityGlobals) = postSolution
		SolutionGuid = {059C461C-2914-427B-A795-82C413A5F633}
	EndGlobalSection
EndGlobal
